<?xml version="1.0" encoding="utf-8"?>
<Project ToolsVersion="4.0" xmlns="http://schemas.microsoft.com/developer/msbuild/2003">
  <ItemGroup>
    <Filter Include="Header Files">
      <UniqueIdentifier>{93995380-89BD-4b04-88EB-625FBE52EBFB}</UniqueIdentifier>
      <Extensions>h;hh;hpp;hxx;h++;hm;inl;inc;ipp;xsd</Extensions>
    </Filter>
    <Filter Include="Resource Files">
      <UniqueIdentifier>{67DA6AB6-F800-4c08-8B7A-83BB121AAD01}</UniqueIdentifier>
      <Extensions>rc;ico;cur;bmp;dlg;rc2;rct;bin;rgs;gif;jpg;jpeg;jpe;resx;tiff;tif;png;wav;mfcribbon-ms</Extensions>
    </Filter>
    <Filter Include="Header Files\Header class">
      <UniqueIdentifier>{7eeaeb0b-9213-4590-8ef9-6612dc3fac8a}</UniqueIdentifier>
    </Filter>
    <Filter Include="Header Files\Header library">
      <UniqueIdentifier>{e9e71dc4-d917-466c-ac55-5fa3ac71374b}</UniqueIdentifier>
    </Filter>
    <Filter Include="Resource Files\Resource class">
      <UniqueIdentifier>{74df2020-8b06-4e17-af65-b31ba542f427}</UniqueIdentifier>
    </Filter>
  </ItemGroup>
  <ItemGroup>
    <ClCompile Include="src\Circle.cpp">
      <Filter>Resource Files\Resource class</Filter>
    </ClCompile>
    <ClCompile Include="src\Color.cpp">
      <Filter>Resource Files\Resource class</Filter>
    </ClCompile>
    <ClCompile Include="src\Ellipse.cpp">
      <Filter>Resource Files\Resource class</Filter>
    </ClCompile>
    <ClCompile Include="src\Figure.cpp">
      <Filter>Resource Files\Resource class</Filter>
    </ClCompile>
    <ClCompile Include="src\Line.cpp">
      <Filter>Resource Files\Resource class</Filter>
    </ClCompile>
    <ClCompile Include="src\Path.cpp">
      <Filter>Resource Files\Resource class</Filter>
    </ClCompile>
    <ClCompile Include="src\Point.cpp">
      <Filter>Resource Files\Resource class</Filter>
    </ClCompile>
    <ClCompile Include="src\Polygon.cpp">
      <Filter>Resource Files\Resource class</Filter>
    </ClCompile>
    <ClCompile Include="src\Polyline.cpp">
      <Filter>Resource Files\Resource class</Filter>
    </ClCompile>
    <ClCompile Include="src\Rectangle.cpp">
      <Filter>Resource Files\Resource class</Filter>
    </ClCompile>
    <ClCompile Include="src\Render.cpp">
      <Filter>Resource Files\Resource class</Filter>
    </ClCompile>
    <ClCompile Include="src\SVGImage.cpp">
      <Filter>Resource Files\Resource class</Filter>
    </ClCompile>
    <ClCompile Include="src\Text.cpp">
      <Filter>Resource Files\Resource class</Filter>
    </ClCompile>
    <ClCompile Include="Main.cpp">
      <Filter>Resource Files</Filter>
    </ClCompile>
  </ItemGroup>
  <ItemGroup>
    <ClInclude Include="src\Circle.h">
      <Filter>Header Files\Header class</Filter>
    </ClInclude>
    <ClInclude Include="src\Color.h">
      <Filter>Header Files\Header class</Filter>
    </ClInclude>
    <ClInclude Include="src\Ellipse.h">
      <Filter>Header Files\Header class</Filter>
    </ClInclude>
    <ClInclude Include="src\Figure.h">
      <Filter>Header Files\Header class</Filter>
    </ClInclude>
    <ClInclude Include="src\Line.h">
      <Filter>Header Files\Header class</Filter>
    </ClInclude>
    <ClInclude Include="src\Path.h">
      <Filter>Header Files\Header class</Filter>
    </ClInclude>
    <ClInclude Include="src\Point.h">
      <Filter>Header Files\Header class</Filter>
    </ClInclude>
    <ClInclude Include="src\Polygon.h">
      <Filter>Header Files\Header class</Filter>
    </ClInclude>
    <ClInclude Include="src\Polyline.h">
      <Filter>Header Files\Header class</Filter>
    </ClInclude>
    <ClInclude Include="src\Rectangle.h">
      <Filter>Header Files\Header class</Filter>
    </ClInclude>
    <ClInclude Include="src\Render.h">
      <Filter>Header Files\Header class</Filter>
    </ClInclude>
    <ClInclude Include="src\SVGImage.h">
      <Filter>Header Files\Header class</Filter>
    </ClInclude>
    <ClInclude Include="src\Text.h">
      <Filter>Header Files\Header class</Filter>
    </ClInclude>
    <ClInclude Include="src\Header.h">
      <Filter>Header Files\Header library</Filter>
    </ClInclude>
  </ItemGroup>
</Project>