<?xml version="1.0" encoding="utf-8"?>
<Project ToolsVersion="4.0" xmlns="http://schemas.microsoft.com/developer/msbuild/2003">
  <ItemGroup>
    <Filter Include="Header Files">
      <UniqueIdentifier>{93995380-89BD-4b04-88EB-625FBE52EBFB}</UniqueIdentifier>
      <Extensions>h;hh;hpp;hxx;h++;hm;inl;inc;ipp;xsd</Extensions>
    </Filter>
    <Filter Include="Resource Files">
      <UniqueIdentifier>{67DA6AB6-F800-4c08-8B7A-83BB121AAD01}</UniqueIdentifier>
      <Extensions>rc;ico;cur;bmp;dlg;rc2;rct;bin;rgs;gif;jpg;jpeg;jpe;resx;tiff;tif;png;wav;mfcribbon-ms</Extensions>
    </Filter>
    <Filter Include="Header Files\Figure">
      <UniqueIdentifier>{7eeaeb0b-9213-4590-8ef9-6612dc3fac8a}</UniqueIdentifier>
    </Filter>
    <Filter Include="Header Files\Drawable">
      <UniqueIdentifier>{8527440d-bf6c-43d2-8313-e361c7c38e9c}</UniqueIdentifier>
    </Filter>
    <Filter Include="Header Files\Color">
      <UniqueIdentifier>{cde97636-0199-4b0e-bc39-6bfb6af29786}</UniqueIdentifier>
    </Filter>
    <Filter Include="Header Files\Other class">
      <UniqueIdentifier>{4e6637ff-1c5e-43ff-a4a7-7a1dc571712d}</UniqueIdentifier>
    </Filter>
    <Filter Include="Resource Files\Figure">
      <UniqueIdentifier>{74df2020-8b06-4e17-af65-b31ba542f427}</UniqueIdentifier>
    </Filter>
  </ItemGroup>
  <ItemGroup>
    <ClCompile Include="src\Text.cpp">
      <Filter>Resource Files\Figure</Filter>
    </ClCompile>
    <ClCompile Include="Main.cpp">
      <Filter>Resource Files</Filter>
    </ClCompile>
    <ClCompile Include="src\Circle.cpp">
      <Filter>Resource Files\Figure</Filter>
    </ClCompile>
    <ClCompile Include="src\Ellipse.cpp">
      <Filter>Resource Files\Figure</Filter>
    </ClCompile>
    <ClCompile Include="src\Figure.cpp">
      <Filter>Resource Files\Figure</Filter>
    </ClCompile>
    <ClCompile Include="src\Group.cpp">
      <Filter>Resource Files\Figure</Filter>
    </ClCompile>
    <ClCompile Include="src\Line.cpp">
      <Filter>Resource Files\Figure</Filter>
    </ClCompile>
    <ClCompile Include="src\Path.cpp">
      <Filter>Resource Files\Figure</Filter>
    </ClCompile>
    <ClCompile Include="src\Polygon.cpp">
      <Filter>Resource Files\Figure</Filter>
    </ClCompile>
    <ClCompile Include="src\Polyline.cpp">
      <Filter>Resource Files\Figure</Filter>
    </ClCompile>
    <ClCompile Include="src\Rectangle.cpp">
      <Filter>Resource Files\Figure</Filter>
    </ClCompile>
    <ClCompile Include="src\RGB_Color.cpp">
      <Filter>Header Files\Color</Filter>
    </ClCompile>
    <ClCompile Include="src\Gradient.cpp">
      <Filter>Header Files\Color</Filter>
    </ClCompile>
    <ClCompile Include="src\Drawable.cpp">
      <Filter>Header Files\Drawable</Filter>
    </ClCompile>
    <ClCompile Include="src\Drawable_Figure.cpp">
      <Filter>Header Files\Drawable</Filter>
    </ClCompile>
    <ClCompile Include="src\SVG_Element.cpp">
      <Filter>Header Files</Filter>
    </ClCompile>
    <ClCompile Include="src\SVG_Image.cpp">
      <Filter>Header Files</Filter>
    </ClCompile>
    <ClCompile Include="src\Color.cpp">
      <Filter>Header Files\Color</Filter>
    </ClCompile>
    <ClCompile Include="src\Point.cpp">
      <Filter>Header Files\Other class</Filter>
    </ClCompile>
    <ClCompile Include="src\LinearGradient.cpp">
      <Filter>Header Files\Color</Filter>
    </ClCompile>
    <ClCompile Include="src\RadialGradient.cpp">
      <Filter>Header Files\Color</Filter>
    </ClCompile>
    <ClCompile Include="src\Transform.cpp">
      <Filter>Header Files\Other class</Filter>
    </ClCompile>
  </ItemGroup>
  <ItemGroup>
    <ClInclude Include="src\Drawable.h">
      <Filter>Header Files\Drawable</Filter>
    </ClInclude>
    <ClInclude Include="src\Figure.h">
      <Filter>Header Files\Figure</Filter>
    </ClInclude>
    <ClInclude Include="src\Text.h">
      <Filter>Header Files\Figure</Filter>
    </ClInclude>
    <ClInclude Include="src\Circle.h">
      <Filter>Header Files\Figure</Filter>
    </ClInclude>
    <ClInclude Include="src\Ellipse.h">
      <Filter>Header Files\Figure</Filter>
    </ClInclude>
    <ClInclude Include="src\Group.h">
      <Filter>Header Files\Figure</Filter>
    </ClInclude>
    <ClInclude Include="src\Line.h">
      <Filter>Header Files\Figure</Filter>
    </ClInclude>
    <ClInclude Include="src\Path.h">
      <Filter>Header Files\Figure</Filter>
    </ClInclude>
    <ClInclude Include="src\Polygon.h">
      <Filter>Header Files\Figure</Filter>
    </ClInclude>
    <ClInclude Include="src\Polyline.h">
      <Filter>Header Files\Figure</Filter>
    </ClInclude>
    <ClInclude Include="src\Rectangle.h">
      <Filter>Header Files\Figure</Filter>
    </ClInclude>
    <ClInclude Include="src\SVG_Image.h">
      <Filter>Header Files</Filter>
    </ClInclude>
    <ClInclude Include="src\SVG_Element.h">
      <Filter>Header Files</Filter>
    </ClInclude>
    <ClInclude Include="src\Header.h">
      <Filter>Header Files</Filter>
    </ClInclude>
    <ClInclude Include="src\Drawable_Figure.h">
      <Filter>Header Files\Drawable</Filter>
    </ClInclude>
    <ClInclude Include="src\Gradient.h">
      <Filter>Header Files\Color</Filter>
    </ClInclude>
    <ClInclude Include="src\RGB_Color.h">
      <Filter>Header Files\Color</Filter>
    </ClInclude>
    <ClInclude Include="src\Color.h">
      <Filter>Header Files\Color</Filter>
    </ClInclude>
    <ClInclude Include="src\Point.h">
      <Filter>Header Files\Other class</Filter>
    </ClInclude>
    <ClInclude Include="src\LinearGradient.h">
      <Filter>Header Files\Color</Filter>
    </ClInclude>
    <ClInclude Include="src\RadialGradient.h">
      <Filter>Header Files\Color</Filter>
    </ClInclude>
    <ClInclude Include="src\Transform.h">
      <Filter>Header Files\Other class</Filter>
    </ClInclude>
  </ItemGroup>
</Project>